
Microsoft Visual Studio Solution File, Format Version 12.00
# Visual Studio 15
VisualStudioVersion = 15.0.27130.2020
MinimumVisualStudioVersion = 10.0.40219.1
Project("{FAE04EC0-301F-11D3-BF4B-00C04F79EFBC}") = "SymbolIndex", "SymbolIndex\SymbolIndex.csproj", "{A88D25CF-86A7-4445-AAB6-B950A57ECEEA}"
EndProject
Global
	GlobalSection(SolutionConfigurationPlatforms) = preSolution
		Debug|Any CPU = Debug|Any CPU
		Release|Any CPU = Release|Any CPU
	EndGlobalSection
	GlobalSection(ProjectConfigurationPlatforms) = postSolution
		{A88D25CF-86A7-4445-AAB6-B950A57ECEEA}.Debug|Any CPU.ActiveCfg = Debug|Any CPU
		{A88D25CF-86A7-4445-AAB6-B950A57ECEEA}.Debug|Any CPU.Build.0 = Debug|Any CPU
		{A88D25CF-86A7-4445-AAB6-B950A57ECEEA}.Release|Any CPU.ActiveCfg = Release|Any CPU
		{A88D25CF-86A7-4445-AAB6-B950A57ECEEA}.Release|Any CPU.Build.0 = Release|Any CPU
	EndGlobalSection
	GlobalSection(SolutionProperties) = preSolution
		HideSolutionNode = FALSE
	EndGlobalSection
	GlobalSection(ExtensibilityGlobals) = postSolution
		SolutionGuid = {68A38252-BB12-4482-A455-ECA429A9AC17}
	EndGlobalSection
EndGlobal
